// !$*UTF8*$!
{
	archiveVersion = 1;
	classes = {
	};
	objectVersion = 46;
	objects = {

/* Begin PBXBuildFile section */
		7AAE192A1D27D73500567D61 /* CoreDataHelper.swift in Sources */ = {isa = PBXBuildFile; fileRef = 7AAE19291D27D73500567D61 /* CoreDataHelper.swift */; };
		7AAE192C1D27D75F00567D61 /* CoreDataStore.swift in Sources */ = {isa = PBXBuildFile; fileRef = 7AAE192B1D27D75F00567D61 /* CoreDataStore.swift */; };
		7AAE192F1D27E68F00567D61 /* LogHandler.swift in Sources */ = {isa = PBXBuildFile; fileRef = 7AAE192E1D27E68F00567D61 /* LogHandler.swift */; };
		7AAE19321D27E9F300567D61 /* MainViewController.swift in Sources */ = {isa = PBXBuildFile; fileRef = 7AAE19311D27E9F300567D61 /* MainViewController.swift */; };
		7AAE19341D27EC9100567D61 /* CoreData.framework in Frameworks */ = {isa = PBXBuildFile; fileRef = 7AAE19331D27EC9100567D61 /* CoreData.framework */; };
		7AAE19361D27EC9500567D61 /* CoreLocation.framework in Frameworks */ = {isa = PBXBuildFile; fileRef = 7AAE19351D27EC9500567D61 /* CoreLocation.framework */; };
		7AB0DC6B1D27CAC100DD6E2D /* AppDelegate.swift in Sources */ = {isa = PBXBuildFile; fileRef = 7AB0DC6A1D27CAC100DD6E2D /* AppDelegate.swift */; };
		7AB0DC701D27CAC100DD6E2D /* Main.storyboard in Resources */ = {isa = PBXBuildFile; fileRef = 7AB0DC6E1D27CAC100DD6E2D /* Main.storyboard */; };
		7AB0DC751D27CAC100DD6E2D /* Assets.xcassets in Resources */ = {isa = PBXBuildFile; fileRef = 7AB0DC741D27CAC100DD6E2D /* Assets.xcassets */; };
		7AB0DC781D27CAC100DD6E2D /* LaunchScreen.storyboard in Resources */ = {isa = PBXBuildFile; fileRef = 7AB0DC761D27CAC100DD6E2D /* LaunchScreen.storyboard */; };
		7AB0DC831D27CAC100DD6E2D /* AIRFDTests.swift in Sources */ = {isa = PBXBuildFile; fileRef = 7AB0DC821D27CAC100DD6E2D /* AIRFDTests.swift */; };
		7AB0DC8E1D27CAC100DD6E2D /* AIRFDUITests.swift in Sources */ = {isa = PBXBuildFile; fileRef = 7AB0DC8D1D27CAC100DD6E2D /* AIRFDUITests.swift */; };
		7AB0DCA11D27CB5A00DD6E2D /* AIRFD.xcdatamodeld in Sources */ = {isa = PBXBuildFile; fileRef = 7AB0DC9F1D27CB5900DD6E2D /* AIRFD.xcdatamodeld */; };
/* End PBXBuildFile section */

/* Begin PBXContainerItemProxy section */
		7AB0DC7F1D27CAC100DD6E2D /* PBXContainerItemProxy */ = {
			isa = PBXContainerItemProxy;
			containerPortal = 7AB0DC5F1D27CAC000DD6E2D /* Project object */;
			proxyType = 1;
			remoteGlobalIDString = 7AB0DC661D27CAC100DD6E2D;
			remoteInfo = AIRFD;
		};
		7AB0DC8A1D27CAC100DD6E2D /* PBXContainerItemProxy */ = {
			isa = PBXContainerItemProxy;
			containerPortal = 7AB0DC5F1D27CAC000DD6E2D /* Project object */;
			proxyType = 1;
			remoteGlobalIDString = 7AB0DC661D27CAC100DD6E2D;
			remoteInfo = AIRFD;
		};
/* End PBXContainerItemProxy section */

/* Begin PBXFileReference section */
		7AAE19291D27D73500567D61 /* CoreDataHelper.swift */ = {isa = PBXFileReference; fileEncoding = 4; lastKnownFileType = sourcecode.swift; name = CoreDataHelper.swift; path = Helpers/CoreData/CoreDataHelper.swift; sourceTree = "<group>"; };
		7AAE192B1D27D75F00567D61 /* CoreDataStore.swift */ = {isa = PBXFileReference; fileEncoding = 4; lastKnownFileType = sourcecode.swift; name = CoreDataStore.swift; path = Helpers/CoreData/CoreDataStore.swift; sourceTree = "<group>"; };
		7AAE192E1D27E68F00567D61 /* LogHandler.swift */ = {isa = PBXFileReference; fileEncoding = 4; lastKnownFileType = sourcecode.swift; name = LogHandler.swift; path = Helpers/Handlers/LogHandler.swift; sourceTree = "<group>"; };
		7AAE19311D27E9F300567D61 /* MainViewController.swift */ = {isa = PBXFileReference; fileEncoding = 4; lastKnownFileType = sourcecode.swift; name = MainViewController.swift; path = Controllers/MainViewController.swift; sourceTree = "<group>"; };
		7AAE19331D27EC9100567D61 /* CoreData.framework */ = {isa = PBXFileReference; lastKnownFileType = wrapper.framework; name = CoreData.framework; path = System/Library/Frameworks/CoreData.framework; sourceTree = SDKROOT; };
		7AAE19351D27EC9500567D61 /* CoreLocation.framework */ = {isa = PBXFileReference; lastKnownFileType = wrapper.framework; name = CoreLocation.framework; path = System/Library/Frameworks/CoreLocation.framework; sourceTree = SDKROOT; };
		7AB0DC671D27CAC100DD6E2D /* AIRFD.app */ = {isa = PBXFileReference; explicitFileType = wrapper.application; includeInIndex = 0; path = AIRFD.app; sourceTree = BUILT_PRODUCTS_DIR; };
		7AB0DC6A1D27CAC100DD6E2D /* AppDelegate.swift */ = {isa = PBXFileReference; lastKnownFileType = sourcecode.swift; path = AppDelegate.swift; sourceTree = "<group>"; };
		7AB0DC6F1D27CAC100DD6E2D /* Base */ = {isa = PBXFileReference; lastKnownFileType = file.storyboard; name = Base; path = Base.lproj/Main.storyboard; sourceTree = "<group>"; };
		7AB0DC741D27CAC100DD6E2D /* Assets.xcassets */ = {isa = PBXFileReference; lastKnownFileType = folder.assetcatalog; path = Assets.xcassets; sourceTree = "<group>"; };
		7AB0DC771D27CAC100DD6E2D /* Base */ = {isa = PBXFileReference; lastKnownFileType = file.storyboard; name = Base; path = Base.lproj/LaunchScreen.storyboard; sourceTree = "<group>"; };
		7AB0DC7E1D27CAC100DD6E2D /* AIRFDTests.xctest */ = {isa = PBXFileReference; explicitFileType = wrapper.cfbundle; includeInIndex = 0; path = AIRFDTests.xctest; sourceTree = BUILT_PRODUCTS_DIR; };
		7AB0DC821D27CAC100DD6E2D /* AIRFDTests.swift */ = {isa = PBXFileReference; lastKnownFileType = sourcecode.swift; path = AIRFDTests.swift; sourceTree = "<group>"; };
		7AB0DC841D27CAC100DD6E2D /* Info.plist */ = {isa = PBXFileReference; lastKnownFileType = text.plist.xml; path = Info.plist; sourceTree = "<group>"; };
		7AB0DC891D27CAC100DD6E2D /* AIRFDUITests.xctest */ = {isa = PBXFileReference; explicitFileType = wrapper.cfbundle; includeInIndex = 0; path = AIRFDUITests.xctest; sourceTree = BUILT_PRODUCTS_DIR; };
		7AB0DC8D1D27CAC100DD6E2D /* AIRFDUITests.swift */ = {isa = PBXFileReference; lastKnownFileType = sourcecode.swift; path = AIRFDUITests.swift; sourceTree = "<group>"; };
		7AB0DC8F1D27CAC100DD6E2D /* Info.plist */ = {isa = PBXFileReference; lastKnownFileType = text.plist.xml; path = Info.plist; sourceTree = "<group>"; };
		7AB0DC9D1D27CB4100DD6E2D /* Info.plist */ = {isa = PBXFileReference; fileEncoding = 4; lastKnownFileType = text.plist.xml; name = Info.plist; path = AppConfigurations/Info.plist; sourceTree = "<group>"; };
		7AB0DCA01D27CB5900DD6E2D /* AIRFD.xcdatamodel */ = {isa = PBXFileReference; lastKnownFileType = wrapper.xcdatamodel; path = AIRFD.xcdatamodel; sourceTree = "<group>"; };
/* End PBXFileReference section */

/* Begin PBXFrameworksBuildPhase section */
		7AB0DC641D27CAC100DD6E2D /* Frameworks */ = {
			isa = PBXFrameworksBuildPhase;
			buildActionMask = 2147483647;
			files = (
				7AAE19361D27EC9500567D61 /* CoreLocation.framework in Frameworks */,
				7AAE19341D27EC9100567D61 /* CoreData.framework in Frameworks */,
			);
			runOnlyForDeploymentPostprocessing = 0;
		};
		7AB0DC7B1D27CAC100DD6E2D /* Frameworks */ = {
			isa = PBXFrameworksBuildPhase;
			buildActionMask = 2147483647;
			files = (
			);
			runOnlyForDeploymentPostprocessing = 0;
		};
		7AB0DC861D27CAC100DD6E2D /* Frameworks */ = {
			isa = PBXFrameworksBuildPhase;
			buildActionMask = 2147483647;
			files = (
			);
			runOnlyForDeploymentPostprocessing = 0;
		};
/* End PBXFrameworksBuildPhase section */

/* Begin PBXGroup section */
		7AAE19271D27D6E300567D61 /* Helpers */ = {
			isa = PBXGroup;
			children = (
				7AAE192D1D27E67300567D61 /* Handlers */,
				7AAE19281D27D6EA00567D61 /* CoreData */,
			);
			name = Helpers;
			sourceTree = "<group>";
		};
		7AAE19281D27D6EA00567D61 /* CoreData */ = {
			isa = PBXGroup;
			children = (
				7AAE19291D27D73500567D61 /* CoreDataHelper.swift */,
				7AAE192B1D27D75F00567D61 /* CoreDataStore.swift */,
			);
			name = CoreData;
			sourceTree = "<group>";
		};
		7AAE192D1D27E67300567D61 /* Handlers */ = {
			isa = PBXGroup;
			children = (
				7AAE192E1D27E68F00567D61 /* LogHandler.swift */,
			);
			name = Handlers;
			sourceTree = "<group>";
		};
		7AAE19301D27E9B400567D61 /* Controllers */ = {
			isa = PBXGroup;
			children = (
				7AAE19311D27E9F300567D61 /* MainViewController.swift */,
			);
			name = Controllers;
			sourceTree = "<group>";
		};
		7AB0DC5E1D27CAC000DD6E2D = {
			isa = PBXGroup;
			children = (
				7AAE19351D27EC9500567D61 /* CoreLocation.framework */,
				7AAE19331D27EC9100567D61 /* CoreData.framework */,
				7AB0DC691D27CAC100DD6E2D /* AIRFD */,
				7AB0DC811D27CAC100DD6E2D /* AIRFDTests */,
				7AB0DC8C1D27CAC100DD6E2D /* AIRFDUITests */,
				7AB0DC681D27CAC100DD6E2D /* Products */,
			);
			sourceTree = "<group>";
		};
		7AB0DC681D27CAC100DD6E2D /* Products */ = {
			isa = PBXGroup;
			children = (
				7AB0DC671D27CAC100DD6E2D /* AIRFD.app */,
				7AB0DC7E1D27CAC100DD6E2D /* AIRFDTests.xctest */,
				7AB0DC891D27CAC100DD6E2D /* AIRFDUITests.xctest */,
			);
			name = Products;
			sourceTree = "<group>";
		};
		7AB0DC691D27CAC100DD6E2D /* AIRFD */ = {
			isa = PBXGroup;
			children = (
				7AAE19301D27E9B400567D61 /* Controllers */,
				7AAE19271D27D6E300567D61 /* Helpers */,
				7AB0DC9C1D27CB1800DD6E2D /* CoreData */,
				7AB0DC9B1D27CAD400DD6E2D /* AppConfigurations */,
				7AB0DC6A1D27CAC100DD6E2D /* AppDelegate.swift */,
				7AB0DC6E1D27CAC100DD6E2D /* Main.storyboard */,
				7AB0DC741D27CAC100DD6E2D /* Assets.xcassets */,
				7AB0DC761D27CAC100DD6E2D /* LaunchScreen.storyboard */,
			);
			path = AIRFD;
			sourceTree = "<group>";
		};
		7AB0DC811D27CAC100DD6E2D /* AIRFDTests */ = {
			isa = PBXGroup;
			children = (
				7AB0DC821D27CAC100DD6E2D /* AIRFDTests.swift */,
				7AB0DC841D27CAC100DD6E2D /* Info.plist */,
			);
			path = AIRFDTests;
			sourceTree = "<group>";
		};
		7AB0DC8C1D27CAC100DD6E2D /* AIRFDUITests */ = {
			isa = PBXGroup;
			children = (
				7AB0DC8D1D27CAC100DD6E2D /* AIRFDUITests.swift */,
				7AB0DC8F1D27CAC100DD6E2D /* Info.plist */,
			);
			path = AIRFDUITests;
			sourceTree = "<group>";
		};
		7AB0DC9B1D27CAD400DD6E2D /* AppConfigurations */ = {
			isa = PBXGroup;
			children = (
				7AB0DC9D1D27CB4100DD6E2D /* Info.plist */,
			);
			name = AppConfigurations;
			sourceTree = "<group>";
		};
		7AB0DC9C1D27CB1800DD6E2D /* CoreData */ = {
			isa = PBXGroup;
			children = (
				7AB0DC9F1D27CB5900DD6E2D /* AIRFD.xcdatamodeld */,
			);
			name = CoreData;
			sourceTree = "<group>";
		};
/* End PBXGroup section */

/* Begin PBXNativeTarget section */
		7AB0DC661D27CAC100DD6E2D /* AIRFD */ = {
			isa = PBXNativeTarget;
			buildConfigurationList = 7AB0DC921D27CAC100DD6E2D /* Build configuration list for PBXNativeTarget "AIRFD" */;
			buildPhases = (
				7AB0DC631D27CAC100DD6E2D /* Sources */,
				7AB0DC641D27CAC100DD6E2D /* Frameworks */,
				7AB0DC651D27CAC100DD6E2D /* Resources */,
			);
			buildRules = (
			);
			dependencies = (
			);
			name = AIRFD;
			productName = AIRFD;
			productReference = 7AB0DC671D27CAC100DD6E2D /* AIRFD.app */;
			productType = "com.apple.product-type.application";
		};
		7AB0DC7D1D27CAC100DD6E2D /* AIRFDTests */ = {
			isa = PBXNativeTarget;
			buildConfigurationList = 7AB0DC951D27CAC100DD6E2D /* Build configuration list for PBXNativeTarget "AIRFDTests" */;
			buildPhases = (
				7AB0DC7A1D27CAC100DD6E2D /* Sources */,
				7AB0DC7B1D27CAC100DD6E2D /* Frameworks */,
				7AB0DC7C1D27CAC100DD6E2D /* Resources */,
			);
			buildRules = (
			);
			dependencies = (
				7AB0DC801D27CAC100DD6E2D /* PBXTargetDependency */,
			);
			name = AIRFDTests;
			productName = AIRFDTests;
			productReference = 7AB0DC7E1D27CAC100DD6E2D /* AIRFDTests.xctest */;
			productType = "com.apple.product-type.bundle.unit-test";
		};
		7AB0DC881D27CAC100DD6E2D /* AIRFDUITests */ = {
			isa = PBXNativeTarget;
			buildConfigurationList = 7AB0DC981D27CAC100DD6E2D /* Build configuration list for PBXNativeTarget "AIRFDUITests" */;
			buildPhases = (
				7AB0DC851D27CAC100DD6E2D /* Sources */,
				7AB0DC861D27CAC100DD6E2D /* Frameworks */,
				7AB0DC871D27CAC100DD6E2D /* Resources */,
			);
			buildRules = (
			);
			dependencies = (
				7AB0DC8B1D27CAC100DD6E2D /* PBXTargetDependency */,
			);
			name = AIRFDUITests;
			productName = AIRFDUITests;
			productReference = 7AB0DC891D27CAC100DD6E2D /* AIRFDUITests.xctest */;
			productType = "com.apple.product-type.bundle.ui-testing";
		};
/* End PBXNativeTarget section */

/* Begin PBXProject section */
		7AB0DC5F1D27CAC000DD6E2D /* Project object */ = {
			isa = PBXProject;
			attributes = {
				LastSwiftUpdateCheck = 0730;
				LastUpgradeCheck = 0800;
				ORGANIZATIONNAME = Akbarzade;
				TargetAttributes = {
					7AB0DC661D27CAC100DD6E2D = {
						CreatedOnToolsVersion = 7.3.1;
						DevelopmentTeam = YA8UU6N3JL;
						LastSwiftMigration = 0800;
					};
					7AB0DC7D1D27CAC100DD6E2D = {
						CreatedOnToolsVersion = 7.3.1;
						DevelopmentTeam = YA8UU6N3JL;
						LastSwiftMigration = 0800;
						TestTargetID = 7AB0DC661D27CAC100DD6E2D;
					};
					7AB0DC881D27CAC100DD6E2D = {
						CreatedOnToolsVersion = 7.3.1;
						DevelopmentTeam = YA8UU6N3JL;
						LastSwiftMigration = 0800;
						TestTargetID = 7AB0DC661D27CAC100DD6E2D;
					};
				};
			};
			buildConfigurationList = 7AB0DC621D27CAC000DD6E2D /* Build configuration list for PBXProject "AIRFD" */;
			compatibilityVersion = "Xcode 3.2";
			developmentRegion = English;
			hasScannedForEncodings = 0;
			knownRegions = (
				en,
				Base,
			);
			mainGroup = 7AB0DC5E1D27CAC000DD6E2D;
			productRefGroup = 7AB0DC681D27CAC100DD6E2D /* Products */;
			projectDirPath = "";
			projectRoot = "";
			targets = (
				7AB0DC661D27CAC100DD6E2D /* AIRFD */,
				7AB0DC7D1D27CAC100DD6E2D /* AIRFDTests */,
				7AB0DC881D27CAC100DD6E2D /* AIRFDUITests */,
			);
		};
/* End PBXProject section */

/* Begin PBXResourcesBuildPhase section */
		7AB0DC651D27CAC100DD6E2D /* Resources */ = {
			isa = PBXResourcesBuildPhase;
			buildActionMask = 2147483647;
			files = (
				7AB0DC781D27CAC100DD6E2D /* LaunchScreen.storyboard in Resources */,
				7AB0DC751D27CAC100DD6E2D /* Assets.xcassets in Resources */,
				7AB0DC701D27CAC100DD6E2D /* Main.storyboard in Resources */,
			);
			runOnlyForDeploymentPostprocessing = 0;
		};
		7AB0DC7C1D27CAC100DD6E2D /* Resources */ = {
			isa = PBXResourcesBuildPhase;
			buildActionMask = 2147483647;
			files = (
			);
			runOnlyForDeploymentPostprocessing = 0;
		};
		7AB0DC871D27CAC100DD6E2D /* Resources */ = {
			isa = PBXResourcesBuildPhase;
			buildActionMask = 2147483647;
			files = (
			);
			runOnlyForDeploymentPostprocessing = 0;
		};
/* End PBXResourcesBuildPhase section */

/* Begin PBXSourcesBuildPhase section */
		7AB0DC631D27CAC100DD6E2D /* Sources */ = {
			isa = PBXSourcesBuildPhase;
			buildActionMask = 2147483647;
			files = (
				7AAE19321D27E9F300567D61 /* MainViewController.swift in Sources */,
				7AB0DC6B1D27CAC100DD6E2D /* AppDelegate.swift in Sources */,
				7AAE192A1D27D73500567D61 /* CoreDataHelper.swift in Sources */,
				7AAE192F1D27E68F00567D61 /* LogHandler.swift in Sources */,
				7AB0DCA11D27CB5A00DD6E2D /* AIRFD.xcdatamodeld in Sources */,
				7AAE192C1D27D75F00567D61 /* CoreDataStore.swift in Sources */,
			);
			runOnlyForDeploymentPostprocessing = 0;
		};
		7AB0DC7A1D27CAC100DD6E2D /* Sources */ = {
			isa = PBXSourcesBuildPhase;
			buildActionMask = 2147483647;
			files = (
				7AB0DC831D27CAC100DD6E2D /* AIRFDTests.swift in Sources */,
			);
			runOnlyForDeploymentPostprocessing = 0;
		};
		7AB0DC851D27CAC100DD6E2D /* Sources */ = {
			isa = PBXSourcesBuildPhase;
			buildActionMask = 2147483647;
			files = (
				7AB0DC8E1D27CAC100DD6E2D /* AIRFDUITests.swift in Sources */,
			);
			runOnlyForDeploymentPostprocessing = 0;
		};
/* End PBXSourcesBuildPhase section */

/* Begin PBXTargetDependency section */
		7AB0DC801D27CAC100DD6E2D /* PBXTargetDependency */ = {
			isa = PBXTargetDependency;
			target = 7AB0DC661D27CAC100DD6E2D /* AIRFD */;
			targetProxy = 7AB0DC7F1D27CAC100DD6E2D /* PBXContainerItemProxy */;
		};
		7AB0DC8B1D27CAC100DD6E2D /* PBXTargetDependency */ = {
			isa = PBXTargetDependency;
			target = 7AB0DC661D27CAC100DD6E2D /* AIRFD */;
			targetProxy = 7AB0DC8A1D27CAC100DD6E2D /* PBXContainerItemProxy */;
		};
/* End PBXTargetDependency section */

/* Begin PBXVariantGroup section */
		7AB0DC6E1D27CAC100DD6E2D /* Main.storyboard */ = {
			isa = PBXVariantGroup;
			children = (
				7AB0DC6F1D27CAC100DD6E2D /* Base */,
			);
			name = Main.storyboard;
			sourceTree = "<group>";
		};
		7AB0DC761D27CAC100DD6E2D /* LaunchScreen.storyboard */ = {
			isa = PBXVariantGroup;
			children = (
				7AB0DC771D27CAC100DD6E2D /* Base */,
			);
			name = LaunchScreen.storyboard;
			sourceTree = "<group>";
		};
/* End PBXVariantGroup section */

/* Begin XCBuildConfiguration section */
		7AB0DC901D27CAC100DD6E2D /* Debug */ = {
			isa = XCBuildConfiguration;
			buildSettings = {
				ALWAYS_SEARCH_USER_PATHS = NO;
				CLANG_ANALYZER_NONNULL = YES;
				CLANG_CXX_LANGUAGE_STANDARD = "gnu++0x";
				CLANG_CXX_LIBRARY = "libc++";
				CLANG_ENABLE_MODULES = YES;
				CLANG_ENABLE_OBJC_ARC = YES;
				CLANG_WARN_BOOL_CONVERSION = YES;
				CLANG_WARN_CONSTANT_CONVERSION = YES;
				CLANG_WARN_DIRECT_OBJC_ISA_USAGE = YES_ERROR;
				CLANG_WARN_EMPTY_BODY = YES;
				CLANG_WARN_ENUM_CONVERSION = YES;
				CLANG_WARN_INT_CONVERSION = YES;
				CLANG_WARN_OBJC_ROOT_CLASS = YES_ERROR;
				CLANG_WARN_UNREACHABLE_CODE = YES;
				CLANG_WARN__DUPLICATE_METHOD_MATCH = YES;
				"CODE_SIGN_IDENTITY[sdk=iphoneos*]" = "iPhone Developer";
				COPY_PHASE_STRIP = NO;
				DEBUG_INFORMATION_FORMAT = dwarf;
				ENABLE_STRICT_OBJC_MSGSEND = YES;
				ENABLE_TESTABILITY = YES;
				GCC_C_LANGUAGE_STANDARD = gnu99;
				GCC_DYNAMIC_NO_PIC = NO;
				GCC_NO_COMMON_BLOCKS = YES;
				GCC_OPTIMIZATION_LEVEL = 0;
				GCC_PREPROCESSOR_DEFINITIONS = (
					"DEBUG=1",
					"$(inherited)",
				);
				GCC_WARN_64_TO_32_BIT_CONVERSION = YES;
				GCC_WARN_ABOUT_RETURN_TYPE = YES_ERROR;
				GCC_WARN_UNDECLARED_SELECTOR = YES;
				GCC_WARN_UNINITIALIZED_AUTOS = YES_AGGRESSIVE;
				GCC_WARN_UNUSED_FUNCTION = YES;
				GCC_WARN_UNUSED_VARIABLE = YES;
				IPHONEOS_DEPLOYMENT_TARGET = 9.0;
				MTL_ENABLE_DEBUG_INFO = YES;
				ONLY_ACTIVE_ARCH = YES;
				SDKROOT = iphoneos;
				SWIFT_OPTIMIZATION_LEVEL = "-Onone";
				TARGETED_DEVICE_FAMILY = 2;
			};
			name = Debug;
		};
		7AB0DC911D27CAC100DD6E2D /* Release */ = {
			isa = XCBuildConfiguration;
			buildSettings = {
				ALWAYS_SEARCH_USER_PATHS = NO;
				CLANG_ANALYZER_NONNULL = YES;
				CLANG_CXX_LANGUAGE_STANDARD = "gnu++0x";
				CLANG_CXX_LIBRARY = "libc++";
				CLANG_ENABLE_MODULES = YES;
				CLANG_ENABLE_OBJC_ARC = YES;
				CLANG_WARN_BOOL_CONVERSION = YES;
				CLANG_WARN_CONSTANT_CONVERSION = YES;
				CLANG_WARN_DIRECT_OBJC_ISA_USAGE = YES_ERROR;
				CLANG_WARN_EMPTY_BODY = YES;
				CLANG_WARN_ENUM_CONVERSION = YES;
				CLANG_WARN_INT_CONVERSION = YES;
				CLANG_WARN_OBJC_ROOT_CLASS = YES_ERROR;
				CLANG_WARN_UNREACHABLE_CODE = YES;
				CLANG_WARN__DUPLICATE_METHOD_MATCH = YES;
				"CODE_SIGN_IDENTITY[sdk=iphoneos*]" = "iPhone Developer";
				COPY_PHASE_STRIP = NO;
				DEBUG_INFORMATION_FORMAT = "dwarf-with-dsym";
				ENABLE_NS_ASSERTIONS = NO;
				ENABLE_STRICT_OBJC_MSGSEND = YES;
				GCC_C_LANGUAGE_STANDARD = gnu99;
				GCC_NO_COMMON_BLOCKS = YES;
				GCC_WARN_64_TO_32_BIT_CONVERSION = YES;
				GCC_WARN_ABOUT_RETURN_TYPE = YES_ERROR;
				GCC_WARN_UNDECLARED_SELECTOR = YES;
				GCC_WARN_UNINITIALIZED_AUTOS = YES_AGGRESSIVE;
				GCC_WARN_UNUSED_FUNCTION = YES;
				GCC_WARN_UNUSED_VARIABLE = YES;
				IPHONEOS_DEPLOYMENT_TARGET = 9.0;
				MTL_ENABLE_DEBUG_INFO = NO;
				SDKROOT = iphoneos;
				TARGETED_DEVICE_FAMILY = 2;
				VALIDATE_PRODUCT = YES;
			};
			name = Release;
		};
		7AB0DC931D27CAC100DD6E2D /* Debug */ = {
			isa = XCBuildConfiguration;
			buildSettings = {
				ASSETCATALOG_COMPILER_APPICON_NAME = AppIcon;
				INFOPLIST_FILE = "$(SRCROOT)/AIRFD/AppConfigurations/Info.plist";
				IPHONEOS_DEPLOYMENT_TARGET = 9.0;
				LD_RUNPATH_SEARCH_PATHS = "$(inherited) @executable_path/Frameworks";
				PRODUCT_BUNDLE_IDENTIFIER = com.akbarzade.AIRFD;
				PRODUCT_NAME = "$(TARGET_NAME)";
				SWIFT_VERSION = 3.0;
			};
			name = Debug;
		};
		7AB0DC941D27CAC100DD6E2D /* Release */ = {
			isa = XCBuildConfiguration;
			buildSettings = {
				ASSETCATALOG_COMPILER_APPICON_NAME = AppIcon;
				INFOPLIST_FILE = "$(SRCROOT)/AIRFD/AppConfigurations/Info.plist";
				IPHONEOS_DEPLOYMENT_TARGET = 9.0;
				LD_RUNPATH_SEARCH_PATHS = "$(inherited) @executable_path/Frameworks";
				PRODUCT_BUNDLE_IDENTIFIER = com.akbarzade.AIRFD;
				PRODUCT_NAME = "$(TARGET_NAME)";
				SWIFT_OPTIMIZATION_LEVEL = "-Owholemodule";
				SWIFT_VERSION = 3.0;
			};
			name = Release;
		};
		7AB0DC961D27CAC100DD6E2D /* Debug */ = {
			isa = XCBuildConfiguration;
			buildSettings = {
				BUNDLE_LOADER = "$(TEST_HOST)";
				INFOPLIST_FILE = AIRFDTests/Info.plist;
				LD_RUNPATH_SEARCH_PATHS = "$(inherited) @executable_path/Frameworks @loader_path/Frameworks";
				PRODUCT_BUNDLE_IDENTIFIER = com.akbarzade.AIRFDTests;
				PRODUCT_NAME = "$(TARGET_NAME)";
				SWIFT_VERSION = 3.0;
				TEST_HOST = "$(BUILT_PRODUCTS_DIR)/AIRFD.app/AIRFD";
			};
			name = Debug;
		};
		7AB0DC971D27CAC100DD6E2D /* Release */ = {
			isa = XCBuildConfiguration;
			buildSettings = {
				BUNDLE_LOADER = "$(TEST_HOST)";
				INFOPLIST_FILE = AIRFDTests/Info.plist;
				LD_RUNPATH_SEARCH_PATHS = "$(inherited) @executable_path/Frameworks @loader_path/Frameworks";
				PRODUCT_BUNDLE_IDENTIFIER = com.akbarzade.AIRFDTests;
				PRODUCT_NAME = "$(TARGET_NAME)";
				SWIFT_OPTIMIZATION_LEVEL = "-Owholemodule";
				SWIFT_VERSION = 3.0;
				TEST_HOST = "$(BUILT_PRODUCTS_DIR)/AIRFD.app/AIRFD";
			};
			name = Release;
		};
		7AB0DC991D27CAC100DD6E2D /* Debug */ = {
			isa = XCBuildConfiguration;
			buildSettings = {
				INFOPLIST_FILE = AIRFDUITests/Info.plist;
				LD_RUNPATH_SEARCH_PATHS = "$(inherited) @executable_path/Frameworks @loader_path/Frameworks";
				PRODUCT_BUNDLE_IDENTIFIER = com.akbarzade.AIRFDUITests;
				PRODUCT_NAME = "$(TARGET_NAME)";
				SWIFT_VERSION = 3.0;
				TEST_TARGET_NAME = AIRFD;
			};
			name = Debug;
		};
		7AB0DC9A1D27CAC100DD6E2D /* Release */ = {
			isa = XCBuildConfiguration;
			buildSettings = {
				INFOPLIST_FILE = AIRFDUITests/Info.plist;
				LD_RUNPATH_SEARCH_PATHS = "$(inherited) @executable_path/Frameworks @loader_path/Frameworks";
				PRODUCT_BUNDLE_IDENTIFIER = com.akbarzade.AIRFDUITests;
				PRODUCT_NAME = "$(TARGET_NAME)";
				SWIFT_OPTIMIZATION_LEVEL = "-Owholemodule";
				SWIFT_VERSION = 3.0;
				TEST_TARGET_NAME = AIRFD;
			};
			name = Release;
		};
/* End XCBuildConfiguration section */

/* Begin XCConfigurationList section */
		7AB0DC621D27CAC000DD6E2D /* Build configuration list for PBXProject "AIRFD" */ = {
			isa = XCConfigurationList;
			buildConfigurations = (
				7AB0DC901D27CAC100DD6E2D /* Debug */,
				7AB0DC911D27CAC100DD6E2D /* Release */,
			);
			defaultConfigurationIsVisible = 0;
			defaultConfigurationName = Release;
		};
		7AB0DC921D27CAC100DD6E2D /* Build configuration list for PBXNativeTarget "AIRFD" */ = {
			isa = XCConfigurationList;
			buildConfigurations = (
				7AB0DC931D27CAC100DD6E2D /* Debug */,
				7AB0DC941D27CAC100DD6E2D /* Release */,
			);
			defaultConfigurationIsVisible = 0;
			defaultConfigurationName = Release;
		};
		7AB0DC951D27CAC100DD6E2D /* Build configuration list for PBXNativeTarget "AIRFDTests" */ = {
			isa = XCConfigurationList;
			buildConfigurations = (
				7AB0DC961D27CAC100DD6E2D /* Debug */,
				7AB0DC971D27CAC100DD6E2D /* Release */,
			);
			defaultConfigurationIsVisible = 0;
			defaultConfigurationName = Release;
		};
		7AB0DC981D27CAC100DD6E2D /* Build configuration list for PBXNativeTarget "AIRFDUITests" */ = {
			isa = XCConfigurationList;
			buildConfigurations = (
				7AB0DC991D27CAC100DD6E2D /* Debug */,
				7AB0DC9A1D27CAC100DD6E2D /* Release */,
			);
			defaultConfigurationIsVisible = 0;
			defaultConfigurationName = Release;
		};
/* End XCConfigurationList section */

/* Begin XCVersionGroup section */
		7AB0DC9F1D27CB5900DD6E2D /* AIRFD.xcdatamodeld */ = {
			isa = XCVersionGroup;
			children = (
				7AB0DCA01D27CB5900DD6E2D /* AIRFD.xcdatamodel */,
			);
			currentVersion = 7AB0DCA01D27CB5900DD6E2D /* AIRFD.xcdatamodel */;
			name = AIRFD.xcdatamodeld;
			path = CoreData/AIRFD.xcdatamodeld;
			sourceTree = "<group>";
			versionGroupType = wrapper.xcdatamodel;
		};
/* End XCVersionGroup section */
	};
	rootObject = 7AB0DC5F1D27CAC000DD6E2D /* Project object */;
}
